
Microsoft Visual Studio Solution File, Format Version 12.00
# Visual Studio Version 17
VisualStudioVersion = 17.4.33122.133
MinimumVisualStudioVersion = 10.0.40219.1
Project("{FAE04EC0-301F-11D3-BF4B-00C04F79EFBC}") = "projektimage.Android", "projektimage\projektimage.Android\projektimage.Android.csproj", "{33025E54-512B-4EAD-AC97-D3A99C93BAF4}"
EndProject
Project("{FAE04EC0-301F-11D3-BF4B-00C04F79EFBC}") = "projektimage", "projektimage\projektimage\projektimage.csproj", "{9F1C2C4D-D086-4F45-94EC-17BE13119624}"
EndProject
Global
	GlobalSection(SolutionConfigurationPlatforms) = preSolution
		Debug|Any CPU = Debug|Any CPU
		Release|Any CPU = Release|Any CPU
	EndGlobalSection
	GlobalSection(ProjectConfigurationPlatforms) = postSolution
		{33025E54-512B-4EAD-AC97-D3A99C93BAF4}.Debug|Any CPU.ActiveCfg = Debug|Any CPU
		{33025E54-512B-4EAD-AC97-D3A99C93BAF4}.Debug|Any CPU.Build.0 = Debug|Any CPU
		{33025E54-512B-4EAD-AC97-D3A99C93BAF4}.Debug|Any CPU.Deploy.0 = Debug|Any CPU
		{33025E54-512B-4EAD-AC97-D3A99C93BAF4}.Release|Any CPU.ActiveCfg = Release|Any CPU
		{33025E54-512B-4EAD-AC97-D3A99C93BAF4}.Release|Any CPU.Build.0 = Release|Any CPU
		{33025E54-512B-4EAD-AC97-D3A99C93BAF4}.Release|Any CPU.Deploy.0 = Release|Any CPU
		{9F1C2C4D-D086-4F45-94EC-17BE13119624}.Debug|Any CPU.ActiveCfg = Debug|Any CPU
		{9F1C2C4D-D086-4F45-94EC-17BE13119624}.Debug|Any CPU.Build.0 = Debug|Any CPU
		{9F1C2C4D-D086-4F45-94EC-17BE13119624}.Debug|Any CPU.Deploy.0 = Debug|Any CPU
		{9F1C2C4D-D086-4F45-94EC-17BE13119624}.Release|Any CPU.ActiveCfg = Release|Any CPU
		{9F1C2C4D-D086-4F45-94EC-17BE13119624}.Release|Any CPU.Build.0 = Release|Any CPU
		{9F1C2C4D-D086-4F45-94EC-17BE13119624}.Release|Any CPU.Deploy.0 = Release|Any CPU
	EndGlobalSection
	GlobalSection(SolutionProperties) = preSolution
		HideSolutionNode = FALSE
	EndGlobalSection
	GlobalSection(ExtensibilityGlobals) = postSolution
		SolutionGuid = {2B7AC884-52B6-4EE7-AED7-075871A41F1C}
	EndGlobalSection
EndGlobal
