
Microsoft Visual Studio Solution File, Format Version 12.00
# Visual Studio Version 17
VisualStudioVersion = 17.7.34031.279
MinimumVisualStudioVersion = 10.0.40219.1
Project("{FAE04EC0-301F-11D3-BF4B-00C04F79EFBC}") = "testynumero6586785697599698579", "testynumero6586785697599698579\testynumero6586785697599698579.csproj", "{D57D0FB4-0690-4E49-9E62-82CD2A943BDE}"
EndProject
Global
	GlobalSection(SolutionConfigurationPlatforms) = preSolution
		Debug|Any CPU = Debug|Any CPU
		Release|Any CPU = Release|Any CPU
	EndGlobalSection
	GlobalSection(ProjectConfigurationPlatforms) = postSolution
		{D57D0FB4-0690-4E49-9E62-82CD2A943BDE}.Debug|Any CPU.ActiveCfg = Debug|Any CPU
		{D57D0FB4-0690-4E49-9E62-82CD2A943BDE}.Debug|Any CPU.Build.0 = Debug|Any CPU
		{D57D0FB4-0690-4E49-9E62-82CD2A943BDE}.Release|Any CPU.ActiveCfg = Release|Any CPU
		{D57D0FB4-0690-4E49-9E62-82CD2A943BDE}.Release|Any CPU.Build.0 = Release|Any CPU
	EndGlobalSection
	GlobalSection(SolutionProperties) = preSolution
		HideSolutionNode = FALSE
	EndGlobalSection
	GlobalSection(ExtensibilityGlobals) = postSolution
		SolutionGuid = {DFFD5D5E-E077-4A59-8868-0BBBADB7FC6E}
	EndGlobalSection
EndGlobal
